
Microsoft Visual Studio Solution File, Format Version 12.00
# Visual Studio Version 17
VisualStudioVersion = 17.10.35004.147
MinimumVisualStudioVersion = 10.0.40219.1
Project("{FAE04EC0-301F-11D3-BF4B-00C04F79EFBC}") = "clock", "clock.csproj", "{4C522B2E-644E-42DD-A53F-D2EFAFDCFC1C}"
EndProject
Global
	GlobalSection(SolutionConfigurationPlatforms) = preSolution
		Debug|Any CPU = Debug|Any CPU
		Release|Any CPU = Release|Any CPU
	EndGlobalSection
	GlobalSection(ProjectConfigurationPlatforms) = postSolution
		{4C522B2E-644E-42DD-A53F-D2EFAFDCFC1C}.Debug|Any CPU.ActiveCfg = Debug|Any CPU
		{4C522B2E-644E-42DD-A53F-D2EFAFDCFC1C}.Debug|Any CPU.Build.0 = Debug|Any CPU
		{4C522B2E-644E-42DD-A53F-D2EFAFDCFC1C}.Release|Any CPU.ActiveCfg = Release|Any CPU
		{4C522B2E-644E-42DD-A53F-D2EFAFDCFC1C}.Release|Any CPU.Build.0 = Release|Any CPU
	EndGlobalSection
	GlobalSection(SolutionProperties) = preSolution
		HideSolutionNode = FALSE
	EndGlobalSection
	GlobalSection(ExtensibilityGlobals) = postSolution
		SolutionGuid = {5E02EBF5-ABBF-4032-BFA9-AE030B975FFD}
	EndGlobalSection
EndGlobal
